# @generated - this file is auto-generated by `mise lock` https://mise.en.dev/dev-tools/mise-lock.html

[[tools."github:aubepkg/aube"]]
version = "2.6.1"
backend = "github:aubepkg/aube"

[tools."github:aubepkg/aube".options]
asset_pattern = "aube-v*-aarch64-unknown-linux-gnu.tar.gz"

[tools."github:aubepkg/aube"."platforms.linux-arm64"]
checksum = "sha256:ff945fd7a68d25d87b47e45877228ad269d5a053c04522599b31c130d734f40d"
url = "https://github.com/aubepkg/aube/releases/download/v2.6.1/aube-v2.6.1-aarch64-unknown-linux-gnu.tar.gz"
url_api = "https://api.github.com/repos/aubepkg/aube/releases/assets/599353459"
provenance = "github-attestations"

[[tools."github:aubepkg/aube"]]
version = "2.6.1"
backend = "github:aubepkg/aube"

[tools."github:aubepkg/aube".options]
asset_pattern = "aube-v*-x86_64-unknown-linux-gnu.tar.gz"

[tools."github:aubepkg/aube"."platforms.linux-x64"]
checksum = "sha256:364b4cf201970cd5c943390dd3e736b4256b14a0ac52d304f8fb4acfd6a1fbd3"
url = "https://github.com/aubepkg/aube/releases/download/v2.6.1/aube-v2.6.1-x86_64-unknown-linux-gnu.tar.gz"
url_api = "https://api.github.com/repos/aubepkg/aube/releases/assets/599329854"
provenance = "github-attestations"

[[tools."github:aubepkg/aube"]]
version = "2.6.1"
backend = "github:aubepkg/aube"

[tools."github:aubepkg/aube".options]
asset_pattern = "aube-v*-aarch64-apple-darwin.tar.gz"

[tools."github:aubepkg/aube"."platforms.macos-arm64"]
checksum = "sha256:a36856db187dd8f2c3cbf651de1384a2d0748d7cc5507671e6ec02751f00c032"
url = "https://github.com/aubepkg/aube/releases/download/v2.6.1/aube-v2.6.1-aarch64-apple-darwin.tar.gz"
url_api = "https://api.github.com/repos/aubepkg/aube/releases/assets/599368816"
provenance = "github-attestations"

[[tools.go]]
version = "1.27.1"
backend = "core:go"

[tools.go."platforms.linux-arm64"]
checksum = "sha256:3450b45a3f9ee8568792736a5c5e70a1f2e9b36c35a8f74958c03e51d7d92bec"
url = "https://dl.google.com/go/go1.27.1.linux-arm64.tar.gz"

[tools.go."platforms.linux-x64"]
checksum = "sha256:63d339f0da5ab53635a56f2490a7984dfe12dfcff22ad749f63edaf590168445"
url = "https://dl.google.com/go/go1.27.1.linux-amd64.tar.gz"

[tools.go."platforms.macos-arm64"]
checksum = "sha256:ee215d57e0ec269c60cc9ceca68e6bda321ba9ee5afe24f4b0988703c2d87d12"
url = "https://dl.google.com/go/go1.27.1.darwin-arm64.tar.gz"

[[tools.hk]]
version = "2.5.0"
backend = "aqua:jdx/hk"

[tools.hk."platforms.linux-arm64"]
checksum = "sha256:c800091c414e1c8e8628137275d88c257bcfe0c35dd31d2762923a71dae7df7f"
url = "https://github.com/jdx/hk/releases/download/v2.5.0/hk-aarch64-unknown-linux-gnu.tar.gz"

[tools.hk."platforms.linux-x64"]
checksum = "sha256:449b83c35ac3a460f80a4c9a41ad99430add8cf6caa6ceadc27e810feac3647d"
url = "https://github.com/jdx/hk/releases/download/v2.5.0/hk-x86_64-unknown-linux-gnu.tar.gz"

[tools.hk."platforms.macos-arm64"]
checksum = "sha256:fabbed3a44e72c601759fa81d56f3c9403ca466853bdf77e87cc69d986cb151a"
url = "https://github.com/jdx/hk/releases/download/v2.5.0/hk-aarch64-apple-darwin.tar.gz"

[[tools.node]]
version = "24.19.0"
backend = "core:node"

[tools.node."platforms.linux-arm64"]
checksum = "sha256:d28c8a5bf0a808f0ed434a1dce8c54ae98f0371c0bd86ac58abc613f73e6643f"
url = "https://nodejs.org/dist/v24.19.0/node-v24.19.0-linux-arm64.tar.gz"

[tools.node."platforms.linux-x64"]
checksum = "sha256:f625d97cd707df4ff96254916fbc5ff014f09c09effe5a1e0ca8f6d41a8789d4"
url = "https://nodejs.org/dist/v24.19.0/node-v24.19.0-linux-x64.tar.gz"

[tools.node."platforms.macos-arm64"]
checksum = "sha256:8294b7aa9b03997481c06babf1e8b270c859358f27da57a11509afe537ac381d"
url = "https://nodejs.org/dist/v24.19.0/node-v24.19.0-darwin-arm64.tar.gz"

[[tools.sqlc]]
version = "1.30.0"
backend = "aqua:sqlc-dev/sqlc"

[tools.sqlc."platforms.linux-arm64"]
url = "https://downloads.sqlc.dev/sqlc_1.30.0_linux_arm64.tar.gz"

[tools.sqlc."platforms.linux-x64"]
url = "https://downloads.sqlc.dev/sqlc_1.30.0_linux_amd64.tar.gz"

[tools.sqlc."platforms.macos-arm64"]
url = "https://downloads.sqlc.dev/sqlc_1.30.0_darwin_arm64.tar.gz"
