# @generated - this file is auto-generated by `mise lock` https://mise.en.dev/dev-tools/mise-lock.html

[[tools.go]]
version = "1.25.7"
backend = "core:go"

[tools.go."platforms.linux-arm64"]
checksum = "sha256:ba611a53534135a81067240eff9508cd7e256c560edd5d8c2fef54f083c07129"
url = "https://dl.google.com/go/go1.25.7.linux-arm64.tar.gz"

[tools.go."platforms.linux-x64"]
checksum = "sha256:12e6d6a191091ae27dc31f6efc630e3a3b8ba409baf3573d955b196fdf086005"
url = "https://dl.google.com/go/go1.25.7.linux-amd64.tar.gz"

[tools.go."platforms.macos-arm64"]
checksum = "sha256:ff18369ffad05c57d5bed888b660b31385f3c913670a83ef557cdfd98ea9ae1b"
url = "https://dl.google.com/go/go1.25.7.darwin-arm64.tar.gz"

[[tools.node]]
version = "26.3.0"
backend = "core:node"

[tools.node."platforms.linux-arm64"]
checksum = "sha256:b2e01f65905c24cb5dd19c4cfbfefe0118e0504c170cc18beac343a2abbb59bd"
url = "https://nodejs.org/dist/v26.3.0/node-v26.3.0-linux-arm64.tar.gz"

[tools.node."platforms.linux-x64"]
checksum = "sha256:a6e65cc653e40c1653b77742f9185dbce3ff1f99fa2746d211bddb53530ef206"
url = "https://nodejs.org/dist/v26.3.0/node-v26.3.0-linux-x64.tar.gz"

[tools.node."platforms.macos-arm64"]
checksum = "sha256:77ef7f7a15aa757c2ca19d63cf41c8d9eb3b18590ebc6883871310787d8c6b6c"
url = "https://nodejs.org/dist/v26.3.0/node-v26.3.0-darwin-arm64.tar.gz"

[[tools.pnpm]]
version = "10.26.0"
backend = "aqua:pnpm/pnpm"

[tools.pnpm."platforms.linux-arm64"]
checksum = "sha256:57567a0cf9e7b3b8f067435b56651a0fb7ae9f44e1062764885d90aa79b09645"
url = "https://github.com/pnpm/pnpm/releases/download/v10.26.0/pnpm-linux-arm64"

[tools.pnpm."platforms.linux-x64"]
checksum = "sha256:9610a7389ed89c1bea815e273a754fadb236d259f4ff7c7f3ac4d7f1922c2791"
url = "https://github.com/pnpm/pnpm/releases/download/v10.26.0/pnpm-linux-x64"

[tools.pnpm."platforms.macos-arm64"]
checksum = "sha256:febf9ab1a687ce84a18f0151d5b15be4bc52f0b130f8f3ed1a874bb00875a1b6"
url = "https://github.com/pnpm/pnpm/releases/download/v10.26.0/pnpm-macos-arm64"
